
Microsoft Visual Studio Solution File, Format Version 12.00
# Visual Studio 15
VisualStudioVersion = 15.0.26430.14
MinimumVisualStudioVersion = 10.0.40219.1
Project("{FAE04EC0-301F-11D3-BF4B-00C04F79EFBC}") = "myFacebook.Android", "myFacebook\myFacebook.Android\myFacebook.Android.csproj", "{90BD43FA-964C-47BB-B4DF-0D472B8F555D}"
EndProject
Project("{FAE04EC0-301F-11D3-BF4B-00C04F79EFBC}") = "myFacebook", "myFacebook\myFacebook\myFacebook.csproj", "{60757367-7A8A-47DF-9D8C-4A1DC36D3177}"
EndProject
Project("{FAE04EC0-301F-11D3-BF4B-00C04F79EFBC}") = "myFacebook.iOS", "myFacebook\myFacebook.iOS\myFacebook.iOS.csproj", "{FEE1EEFB-64E9-48D3-9F8C-F65F23B54B67}"
EndProject
Global
	GlobalSection(SolutionConfigurationPlatforms) = preSolution
		Ad-Hoc|Any CPU = Ad-Hoc|Any CPU
		Ad-Hoc|iPhone = Ad-Hoc|iPhone
		Ad-Hoc|iPhoneSimulator = Ad-Hoc|iPhoneSimulator
		AppStore|Any CPU = AppStore|Any CPU
		AppStore|iPhone = AppStore|iPhone
		AppStore|iPhoneSimulator = AppStore|iPhoneSimulator
		Debug|Any CPU = Debug|Any CPU
		Debug|iPhone = Debug|iPhone
		Debug|iPhoneSimulator = Debug|iPhoneSimulator
		Release|Any CPU = Release|Any CPU
		Release|iPhone = Release|iPhone
		Release|iPhoneSimulator = Release|iPhoneSimulator
	EndGlobalSection
	GlobalSection(ProjectConfigurationPlatforms) = postSolution
		{90BD43FA-964C-47BB-B4DF-0D472B8F555D}.Ad-Hoc|Any CPU.ActiveCfg = Release|Any CPU
		{90BD43FA-964C-47BB-B4DF-0D472B8F555D}.Ad-Hoc|Any CPU.Build.0 = Release|Any CPU
		{90BD43FA-964C-47BB-B4DF-0D472B8F555D}.Ad-Hoc|Any CPU.Deploy.0 = Release|Any CPU
		{90BD43FA-964C-47BB-B4DF-0D472B8F555D}.Ad-Hoc|iPhone.ActiveCfg = Release|Any CPU
		{90BD43FA-964C-47BB-B4DF-0D472B8F555D}.Ad-Hoc|iPhone.Build.0 = Release|Any CPU
		{90BD43FA-964C-47BB-B4DF-0D472B8F555D}.Ad-Hoc|iPhone.Deploy.0 = Release|Any CPU
		{90BD43FA-964C-47BB-B4DF-0D472B8F555D}.Ad-Hoc|iPhoneSimulator.ActiveCfg = Release|Any CPU
		{90BD43FA-964C-47BB-B4DF-0D472B8F555D}.Ad-Hoc|iPhoneSimulator.Build.0 = Release|Any CPU
		{90BD43FA-964C-47BB-B4DF-0D472B8F555D}.Ad-Hoc|iPhoneSimulator.Deploy.0 = Release|Any CPU
		{90BD43FA-964C-47BB-B4DF-0D472B8F555D}.AppStore|Any CPU.ActiveCfg = Release|Any CPU
		{90BD43FA-964C-47BB-B4DF-0D472B8F555D}.AppStore|Any CPU.Build.0 = Release|Any CPU
		{90BD43FA-964C-47BB-B4DF-0D472B8F555D}.AppStore|Any CPU.Deploy.0 = Release|Any CPU
		{90BD43FA-964C-47BB-B4DF-0D472B8F555D}.AppStore|iPhone.ActiveCfg = Release|Any CPU
		{90BD43FA-964C-47BB-B4DF-0D472B8F555D}.AppStore|iPhone.Build.0 = Release|Any CPU
		{90BD43FA-964C-47BB-B4DF-0D472B8F555D}.AppStore|iPhone.Deploy.0 = Release|Any CPU
		{90BD43FA-964C-47BB-B4DF-0D472B8F555D}.AppStore|iPhoneSimulator.ActiveCfg = Release|Any CPU
		{90BD43FA-964C-47BB-B4DF-0D472B8F555D}.AppStore|iPhoneSimulator.Build.0 = Release|Any CPU
		{90BD43FA-964C-47BB-B4DF-0D472B8F555D}.AppStore|iPhoneSimulator.Deploy.0 = Release|Any CPU
		{90BD43FA-964C-47BB-B4DF-0D472B8F555D}.Debug|Any CPU.ActiveCfg = Debug|Any CPU
		{90BD43FA-964C-47BB-B4DF-0D472B8F555D}.Debug|Any CPU.Build.0 = Debug|Any CPU
		{90BD43FA-964C-47BB-B4DF-0D472B8F555D}.Debug|Any CPU.Deploy.0 = Debug|Any CPU
		{90BD43FA-964C-47BB-B4DF-0D472B8F555D}.Debug|iPhone.ActiveCfg = Debug|Any CPU
		{90BD43FA-964C-47BB-B4DF-0D472B8F555D}.Debug|iPhone.Build.0 = Debug|Any CPU
		{90BD43FA-964C-47BB-B4DF-0D472B8F555D}.Debug|iPhone.Deploy.0 = Debug|Any CPU
		{90BD43FA-964C-47BB-B4DF-0D472B8F555D}.Debug|iPhoneSimulator.ActiveCfg = Debug|Any CPU
		{90BD43FA-964C-47BB-B4DF-0D472B8F555D}.Debug|iPhoneSimulator.Build.0 = Debug|Any CPU
		{90BD43FA-964C-47BB-B4DF-0D472B8F555D}.Debug|iPhoneSimulator.Deploy.0 = Debug|Any CPU
		{90BD43FA-964C-47BB-B4DF-0D472B8F555D}.Release|Any CPU.ActiveCfg = Release|Any CPU
		{90BD43FA-964C-47BB-B4DF-0D472B8F555D}.Release|Any CPU.Build.0 = Release|Any CPU
		{90BD43FA-964C-47BB-B4DF-0D472B8F555D}.Release|Any CPU.Deploy.0 = Release|Any CPU
		{90BD43FA-964C-47BB-B4DF-0D472B8F555D}.Release|iPhone.ActiveCfg = Release|Any CPU
		{90BD43FA-964C-47BB-B4DF-0D472B8F555D}.Release|iPhone.Build.0 = Release|Any CPU
		{90BD43FA-964C-47BB-B4DF-0D472B8F555D}.Release|iPhone.Deploy.0 = Release|Any CPU
		{90BD43FA-964C-47BB-B4DF-0D472B8F555D}.Release|iPhoneSimulator.ActiveCfg = Release|Any CPU
		{90BD43FA-964C-47BB-B4DF-0D472B8F555D}.Release|iPhoneSimulator.Build.0 = Release|Any CPU
		{90BD43FA-964C-47BB-B4DF-0D472B8F555D}.Release|iPhoneSimulator.Deploy.0 = Release|Any CPU
		{60757367-7A8A-47DF-9D8C-4A1DC36D3177}.Ad-Hoc|Any CPU.ActiveCfg = Release|Any CPU
		{60757367-7A8A-47DF-9D8C-4A1DC36D3177}.Ad-Hoc|Any CPU.Build.0 = Release|Any CPU
		{60757367-7A8A-47DF-9D8C-4A1DC36D3177}.Ad-Hoc|iPhone.ActiveCfg = Release|Any CPU
		{60757367-7A8A-47DF-9D8C-4A1DC36D3177}.Ad-Hoc|iPhone.Build.0 = Release|Any CPU
		{60757367-7A8A-47DF-9D8C-4A1DC36D3177}.Ad-Hoc|iPhoneSimulator.ActiveCfg = Release|Any CPU
		{60757367-7A8A-47DF-9D8C-4A1DC36D3177}.Ad-Hoc|iPhoneSimulator.Build.0 = Release|Any CPU
		{60757367-7A8A-47DF-9D8C-4A1DC36D3177}.AppStore|Any CPU.ActiveCfg = Release|Any CPU
		{60757367-7A8A-47DF-9D8C-4A1DC36D3177}.AppStore|Any CPU.Build.0 = Release|Any CPU
		{60757367-7A8A-47DF-9D8C-4A1DC36D3177}.AppStore|iPhone.ActiveCfg = Release|Any CPU
		{60757367-7A8A-47DF-9D8C-4A1DC36D3177}.AppStore|iPhone.Build.0 = Release|Any CPU
		{60757367-7A8A-47DF-9D8C-4A1DC36D3177}.AppStore|iPhoneSimulator.ActiveCfg = Release|Any CPU
		{60757367-7A8A-47DF-9D8C-4A1DC36D3177}.AppStore|iPhoneSimulator.Build.0 = Release|Any CPU
		{60757367-7A8A-47DF-9D8C-4A1DC36D3177}.Debug|Any CPU.ActiveCfg = Debug|Any CPU
		{60757367-7A8A-47DF-9D8C-4A1DC36D3177}.Debug|Any CPU.Build.0 = Debug|Any CPU
		{60757367-7A8A-47DF-9D8C-4A1DC36D3177}.Debug|iPhone.ActiveCfg = Debug|Any CPU
		{60757367-7A8A-47DF-9D8C-4A1DC36D3177}.Debug|iPhone.Build.0 = Debug|Any CPU
		{60757367-7A8A-47DF-9D8C-4A1DC36D3177}.Debug|iPhoneSimulator.ActiveCfg = Debug|Any CPU
		{60757367-7A8A-47DF-9D8C-4A1DC36D3177}.Debug|iPhoneSimulator.Build.0 = Debug|Any CPU
		{60757367-7A8A-47DF-9D8C-4A1DC36D3177}.Release|Any CPU.ActiveCfg = Release|Any CPU
		{60757367-7A8A-47DF-9D8C-4A1DC36D3177}.Release|Any CPU.Build.0 = Release|Any CPU
		{60757367-7A8A-47DF-9D8C-4A1DC36D3177}.Release|iPhone.ActiveCfg = Release|Any CPU
		{60757367-7A8A-47DF-9D8C-4A1DC36D3177}.Release|iPhone.Build.0 = Release|Any CPU
		{60757367-7A8A-47DF-9D8C-4A1DC36D3177}.Release|iPhoneSimulator.ActiveCfg = Release|Any CPU
		{60757367-7A8A-47DF-9D8C-4A1DC36D3177}.Release|iPhoneSimulator.Build.0 = Release|Any CPU
		{FEE1EEFB-64E9-48D3-9F8C-F65F23B54B67}.Ad-Hoc|Any CPU.ActiveCfg = Ad-Hoc|iPhone
		{FEE1EEFB-64E9-48D3-9F8C-F65F23B54B67}.Ad-Hoc|iPhone.ActiveCfg = Ad-Hoc|iPhone
		{FEE1EEFB-64E9-48D3-9F8C-F65F23B54B67}.Ad-Hoc|iPhone.Build.0 = Ad-Hoc|iPhone
		{FEE1EEFB-64E9-48D3-9F8C-F65F23B54B67}.Ad-Hoc|iPhoneSimulator.ActiveCfg = Ad-Hoc|iPhoneSimulator
		{FEE1EEFB-64E9-48D3-9F8C-F65F23B54B67}.Ad-Hoc|iPhoneSimulator.Build.0 = Ad-Hoc|iPhoneSimulator
		{FEE1EEFB-64E9-48D3-9F8C-F65F23B54B67}.AppStore|Any CPU.ActiveCfg = AppStore|iPhone
		{FEE1EEFB-64E9-48D3-9F8C-F65F23B54B67}.AppStore|iPhone.ActiveCfg = AppStore|iPhone
		{FEE1EEFB-64E9-48D3-9F8C-F65F23B54B67}.AppStore|iPhone.Build.0 = AppStore|iPhone
		{FEE1EEFB-64E9-48D3-9F8C-F65F23B54B67}.AppStore|iPhoneSimulator.ActiveCfg = AppStore|iPhoneSimulator
		{FEE1EEFB-64E9-48D3-9F8C-F65F23B54B67}.AppStore|iPhoneSimulator.Build.0 = AppStore|iPhoneSimulator
		{FEE1EEFB-64E9-48D3-9F8C-F65F23B54B67}.Debug|Any CPU.ActiveCfg = Debug|iPhone
		{FEE1EEFB-64E9-48D3-9F8C-F65F23B54B67}.Debug|iPhone.ActiveCfg = Debug|iPhone
		{FEE1EEFB-64E9-48D3-9F8C-F65F23B54B67}.Debug|iPhone.Build.0 = Debug|iPhone
		{FEE1EEFB-64E9-48D3-9F8C-F65F23B54B67}.Debug|iPhoneSimulator.ActiveCfg = Debug|iPhoneSimulator
		{FEE1EEFB-64E9-48D3-9F8C-F65F23B54B67}.Debug|iPhoneSimulator.Build.0 = Debug|iPhoneSimulator
		{FEE1EEFB-64E9-48D3-9F8C-F65F23B54B67}.Release|Any CPU.ActiveCfg = Release|iPhone
		{FEE1EEFB-64E9-48D3-9F8C-F65F23B54B67}.Release|iPhone.ActiveCfg = Release|iPhone
		{FEE1EEFB-64E9-48D3-9F8C-F65F23B54B67}.Release|iPhone.Build.0 = Release|iPhone
		{FEE1EEFB-64E9-48D3-9F8C-F65F23B54B67}.Release|iPhoneSimulator.ActiveCfg = Release|iPhoneSimulator
		{FEE1EEFB-64E9-48D3-9F8C-F65F23B54B67}.Release|iPhoneSimulator.Build.0 = Release|iPhoneSimulator
	EndGlobalSection
	GlobalSection(SolutionProperties) = preSolution
		HideSolutionNode = FALSE
	EndGlobalSection
EndGlobal
